
Microsoft Visual Studio Solution File, Format Version 12.00
# Visual Studio 15
VisualStudioVersion = 15.0.27703.2000
MinimumVisualStudioVersion = 10.0.40219.1
Project("{9A19103F-16F7-4668-BE54-9A1E7A4F7556}") = "Jst4Pipes.Abstractions", "Jst4Pipes.Abstractions\Jst4Pipes.Abstractions.csproj", "{035DEBC4-0440-4015-9B17-3BCA99F312F6}"
EndProject
Project("{9A19103F-16F7-4668-BE54-9A1E7A4F7556}") = "Jst4Pipes", "Jst4Pipes\Jst4Pipes.csproj", "{4426D9FD-B705-4E7B-A486-91A1E4B26E4E}"
EndProject
Project("{FAE04EC0-301F-11D3-BF4B-00C04F79EFBC}") = "Jst4Pipes.UnitTests", "Jst4Pipes.UnitTests\Jst4Pipes.UnitTests.csproj", "{09B9D89E-6A98-4B3D-A977-EB4E65C1FA9D}"
EndProject
Global
	GlobalSection(SolutionConfigurationPlatforms) = preSolution
		Debug|Any CPU = Debug|Any CPU
		Release|Any CPU = Release|Any CPU
	EndGlobalSection
	GlobalSection(ProjectConfigurationPlatforms) = postSolution
		{035DEBC4-0440-4015-9B17-3BCA99F312F6}.Debug|Any CPU.ActiveCfg = Debug|Any CPU
		{035DEBC4-0440-4015-9B17-3BCA99F312F6}.Debug|Any CPU.Build.0 = Debug|Any CPU
		{035DEBC4-0440-4015-9B17-3BCA99F312F6}.Release|Any CPU.ActiveCfg = Release|Any CPU
		{035DEBC4-0440-4015-9B17-3BCA99F312F6}.Release|Any CPU.Build.0 = Release|Any CPU
		{4426D9FD-B705-4E7B-A486-91A1E4B26E4E}.Debug|Any CPU.ActiveCfg = Debug|Any CPU
		{4426D9FD-B705-4E7B-A486-91A1E4B26E4E}.Debug|Any CPU.Build.0 = Debug|Any CPU
		{4426D9FD-B705-4E7B-A486-91A1E4B26E4E}.Release|Any CPU.ActiveCfg = Release|Any CPU
		{4426D9FD-B705-4E7B-A486-91A1E4B26E4E}.Release|Any CPU.Build.0 = Release|Any CPU
		{09B9D89E-6A98-4B3D-A977-EB4E65C1FA9D}.Debug|Any CPU.ActiveCfg = Debug|Any CPU
		{09B9D89E-6A98-4B3D-A977-EB4E65C1FA9D}.Debug|Any CPU.Build.0 = Debug|Any CPU
		{09B9D89E-6A98-4B3D-A977-EB4E65C1FA9D}.Release|Any CPU.ActiveCfg = Release|Any CPU
		{09B9D89E-6A98-4B3D-A977-EB4E65C1FA9D}.Release|Any CPU.Build.0 = Release|Any CPU
	EndGlobalSection
	GlobalSection(SolutionProperties) = preSolution
		HideSolutionNode = FALSE
	EndGlobalSection
	GlobalSection(ExtensibilityGlobals) = postSolution
		SolutionGuid = {C8C27AFA-4D00-4CC7-B335-A34551687369}
	EndGlobalSection
EndGlobal
